{
  "version": 4,
  "terraform_version": "1.11.4",
  "serial": 20,
  "lineage": "de2ff92e-a874-9f0e-9bbe-d92c8eabffb5",
  "outputs": {
    "mongodb_uri": {
      "value": "mongodb+srv://pipear07:Afam2030*@franquicias-free.u8qacho.mongodb.net/app?retryWrites=true\u0026w=majority",
      "type": "string",
      "sensitive": true
    }
  },
  "resources": [
    {
      "mode": "managed",
      "type": "mongodbatlas_database_user",
      "name": "app_user",
      "provider": "provider[\"registry.terraform.io/mongodb/mongodbatlas\"]",
      "instances": [
        {
          "schema_version": 0,
          "attributes": {
            "auth_database_name": "admin",
            "aws_iam_type": "NONE",
            "description": null,
            "id": "YXV0aF9kYXRhYmFzZV9uYW1l:YWRtaW4=-cHJvamVjdF9pZA==:NjgyOTFhM2E0NGMxYzExYTdiYjBkNzVh-dXNlcm5hbWU=:cGlwZWFyMDc=",
            "labels": [],
            "ldap_auth_type": "NONE",
            "oidc_auth_type": "NONE",
            "password": "Afam2030*",
            "project_id": "68291a3a44c1c11a7bb0d75a",
            "roles": [
              {
                "collection_name": null,
                "database_name": "franquicias",
                "role_name": "readWrite"
              }
            ],
            "scopes": [],
            "username": "pipear07",
            "x509_type": "NONE"
          },
          "sensitive_attributes": [
            [
              {
                "type": "get_attr",
                "value": "password"
              }
            ]
          ]
        }
      ]
    },
    {
      "mode": "managed",
      "type": "mongodbatlas_serverless_instance",
      "name": "franquicias_free",
      "provider": "provider[\"registry.terraform.io/mongodb/mongodbatlas\"]",
      "instances": [
        {
          "schema_version": 0,
          "attributes": {
            "auto_indexing": false,
            "connection_strings_private_endpoint_srv": [],
            "connection_strings_standard_srv": "mongodb+srv://franquicias-free.u8qacho.mongodb.net",
            "continuous_backup_enabled": false,
            "create_date": "2025-05-18T04:46:42Z",
            "id": "bmFtZQ==:ZnJhbnF1aWNpYXMtZnJlZQ==-cHJvamVjdF9pZA==:NjgyOTFhM2E0NGMxYzExYTdiYjBkNzVh",
            "links": [
              {
                "href": "https://cloud.mongodb.com/api/atlas/v2/groups/68291a3a44c1c11a7bb0d75a/serverless/franquicias-free",
                "rel": "self"
              },
              {
                "href": "https://cloud.mongodb.com/api/atlas/v2/groups/68291a3a44c1c11a7bb0d75a/serverless/franquicias-free/backup/restoreJobs",
                "rel": "https://cloud.mongodb.com/restoreJobs"
              },
              {
                "href": "https://cloud.mongodb.com/api/atlas/v2/groups/68291a3a44c1c11a7bb0d75a/serverless/franquicias-free/backup/snapshots",
                "rel": "https://cloud.mongodb.com/snapshots"
              }
            ],
            "mongo_db_version": "8.0.9",
            "name": "franquicias-free",
            "project_id": "68291a3a44c1c11a7bb0d75a",
            "provider_settings_backing_provider_name": "AWS",
            "provider_settings_provider_name": "SERVERLESS",
            "provider_settings_region_name": "US_EAST_1",
            "state_name": "IDLE",
            "tags": [],
            "termination_protection_enabled": false
          },
          "sensitive_attributes": [],
          "private": "bnVsbA=="
        }
      ]
    }
  ],
  "check_results": null
}
